
Microsoft Visual Studio Solution File, Format Version 12.00
# Visual Studio Version 16
VisualStudioVersion = 16.0.31624.102
MinimumVisualStudioVersion = 10.0.40219.1
Project("{FAE04EC0-301F-11D3-BF4B-00C04F79EFBC}") = "APIIntro", "APIIntro\APIIntro.csproj", "{48E91C06-14AC-4248-ADFE-B0A03DB621F9}"
EndProject
Global
	GlobalSection(SolutionConfigurationPlatforms) = preSolution
		Debug|Any CPU = Debug|Any CPU
		Release|Any CPU = Release|Any CPU
	EndGlobalSection
	GlobalSection(ProjectConfigurationPlatforms) = postSolution
		{48E91C06-14AC-4248-ADFE-B0A03DB621F9}.Debug|Any CPU.ActiveCfg = Debug|Any CPU
		{48E91C06-14AC-4248-ADFE-B0A03DB621F9}.Debug|Any CPU.Build.0 = Debug|Any CPU
		{48E91C06-14AC-4248-ADFE-B0A03DB621F9}.Release|Any CPU.ActiveCfg = Release|Any CPU
		{48E91C06-14AC-4248-ADFE-B0A03DB621F9}.Release|Any CPU.Build.0 = Release|Any CPU
	EndGlobalSection
	GlobalSection(SolutionProperties) = preSolution
		HideSolutionNode = FALSE
	EndGlobalSection
	GlobalSection(ExtensibilityGlobals) = postSolution
		SolutionGuid = {2B576C3B-35C2-4C7D-B383-31D78157666B}
	EndGlobalSection
EndGlobal
