
Microsoft Visual Studio Solution File, Format Version 12.00
# Visual Studio Version 16
VisualStudioVersion = 16.0.31624.102
MinimumVisualStudioVersion = 10.0.40219.1
Project("{FAE04EC0-301F-11D3-BF4B-00C04F79EFBC}") = "APIConsume", "APIConsume\APIConsume.csproj", "{EAC5DFE9-475C-41BE-9B08-9C247D83BB3E}"
EndProject
Global
	GlobalSection(SolutionConfigurationPlatforms) = preSolution
		Debug|Any CPU = Debug|Any CPU
		Release|Any CPU = Release|Any CPU
	EndGlobalSection
	GlobalSection(ProjectConfigurationPlatforms) = postSolution
		{EAC5DFE9-475C-41BE-9B08-9C247D83BB3E}.Debug|Any CPU.ActiveCfg = Debug|Any CPU
		{EAC5DFE9-475C-41BE-9B08-9C247D83BB3E}.Debug|Any CPU.Build.0 = Debug|Any CPU
		{EAC5DFE9-475C-41BE-9B08-9C247D83BB3E}.Release|Any CPU.ActiveCfg = Release|Any CPU
		{EAC5DFE9-475C-41BE-9B08-9C247D83BB3E}.Release|Any CPU.Build.0 = Release|Any CPU
	EndGlobalSection
	GlobalSection(SolutionProperties) = preSolution
		HideSolutionNode = FALSE
	EndGlobalSection
	GlobalSection(ExtensibilityGlobals) = postSolution
		SolutionGuid = {B1DAE85D-E679-448F-8A48-E94552342250}
	EndGlobalSection
EndGlobal
